
Microsoft Visual Studio Solution File, Format Version 12.00
# Visual Studio Version 17
VisualStudioVersion = 17.5.33530.505
MinimumVisualStudioVersion = 10.0.40219.1
Project("{FAE04EC0-301F-11D3-BF4B-00C04F79EFBC}") = "ProjetoAlura-Lucas", "ProjetoAlura-Lucas\ProjetoAlura-Lucas.csproj", "{4EEEA993-2109-43D1-918F-F42245866211}"
EndProject
Project("{9A19103F-16F7-4668-BE54-9A1E7A4F7556}") = "ProjetoAlura-Lucas.Dal", "ProjetoAlura-Lucas.Dal\ProjetoAlura-Lucas.Dal.csproj", "{F5E0C8BA-3657-4307-B63D-229B798BB028}"
EndProject
Global
	GlobalSection(SolutionConfigurationPlatforms) = preSolution
		Debug|Any CPU = Debug|Any CPU
		Release|Any CPU = Release|Any CPU
	EndGlobalSection
	GlobalSection(ProjectConfigurationPlatforms) = postSolution
		{4EEEA993-2109-43D1-918F-F42245866211}.Debug|Any CPU.ActiveCfg = Debug|Any CPU
		{4EEEA993-2109-43D1-918F-F42245866211}.Debug|Any CPU.Build.0 = Debug|Any CPU
		{4EEEA993-2109-43D1-918F-F42245866211}.Release|Any CPU.ActiveCfg = Release|Any CPU
		{4EEEA993-2109-43D1-918F-F42245866211}.Release|Any CPU.Build.0 = Release|Any CPU
		{F5E0C8BA-3657-4307-B63D-229B798BB028}.Debug|Any CPU.ActiveCfg = Debug|Any CPU
		{F5E0C8BA-3657-4307-B63D-229B798BB028}.Debug|Any CPU.Build.0 = Debug|Any CPU
		{F5E0C8BA-3657-4307-B63D-229B798BB028}.Release|Any CPU.ActiveCfg = Release|Any CPU
		{F5E0C8BA-3657-4307-B63D-229B798BB028}.Release|Any CPU.Build.0 = Release|Any CPU
	EndGlobalSection
	GlobalSection(SolutionProperties) = preSolution
		HideSolutionNode = FALSE
	EndGlobalSection
	GlobalSection(ExtensibilityGlobals) = postSolution
		SolutionGuid = {E2E13609-8AEF-4097-8143-DBDA22B6E920}
	EndGlobalSection
EndGlobal
